// !$*UTF8*$!
{
	archiveVersion = 1;
	classes = {
	};
	objectVersion = 46;
	objects = {

/* Begin PBXBuildFile section */
		AE7AB4671E24702700B8D012 /* AppDelegate.swift in Sources */ = {isa = PBXBuildFile; fileRef = AE7AB4661E24702700B8D012 /* AppDelegate.swift */; };
		AE7AB4691E24702700B8D012 /* ViewController.swift in Sources */ = {isa = PBXBuildFile; fileRef = AE7AB4681E24702700B8D012 /* ViewController.swift */; };
		AE7AB46C1E24702700B8D012 /* Main.storyboard in Resources */ = {isa = PBXBuildFile; fileRef = AE7AB46A1E24702700B8D012 /* Main.storyboard */; };
		AE7AB46E1E24702700B8D012 /* Assets.xcassets in Resources */ = {isa = PBXBuildFile; fileRef = AE7AB46D1E24702700B8D012 /* Assets.xcassets */; };
		AE7AB4711E24702700B8D012 /* LaunchScreen.storyboard in Resources */ = {isa = PBXBuildFile; fileRef = AE7AB46F1E24702700B8D012 /* LaunchScreen.storyboard */; };
/* End PBXBuildFile section */

/* Begin PBXFileReference section */
		AE7AB4631E24702700B8D012 /* GG_Calculator.app */ = {isa = PBXFileReference; explicitFileType = wrapper.application; includeInIndex = 0; path = GG_Calculator.app; sourceTree = BUILT_PRODUCTS_DIR; };
		AE7AB4661E24702700B8D012 /* AppDelegate.swift */ = {isa = PBXFileReference; lastKnownFileType = sourcecode.swift; path = AppDelegate.swift; sourceTree = "<group>"; };
		AE7AB4681E24702700B8D012 /* ViewController.swift */ = {isa = PBXFileReference; lastKnownFileType = sourcecode.swift; path = ViewController.swift; sourceTree = "<group>"; };
		AE7AB46B1E24702700B8D012 /* Base */ = {isa = PBXFileReference; lastKnownFileType = file.storyboard; name = Base; path = Base.lproj/Main.storyboard; sourceTree = "<group>"; };
		AE7AB46D1E24702700B8D012 /* Assets.xcassets */ = {isa = PBXFileReference; lastKnownFileType = folder.assetcatalog; path = Assets.xcassets; sourceTree = "<group>"; };
		AE7AB4701E24702700B8D012 /* Base */ = {isa = PBXFileReference; lastKnownFileType = file.storyboard; name = Base; path = Base.lproj/LaunchScreen.storyboard; sourceTree = "<group>"; };
		AE7AB4721E24702700B8D012 /* Info.plist */ = {isa = PBXFileReference; lastKnownFileType = text.plist.xml; path = Info.plist; sourceTree = "<group>"; };
/* End PBXFileReference section */

/* Begin PBXFrameworksBuildPhase section */
		AE7AB4601E24702700B8D012 /* Frameworks */ = {
			isa = PBXFrameworksBuildPhase;
			buildActionMask = 2147483647;
			files = (
			);
			runOnlyForDeploymentPostprocessing = 0;
		};
/* End PBXFrameworksBuildPhase section */

/* Begin PBXGroup section */
		AE7AB45A1E24702700B8D012 = {
			isa = PBXGroup;
			children = (
				AE7AB4651E24702700B8D012 /* GG_Calculator */,
				AE7AB4641E24702700B8D012 /* Products */,
			);
			sourceTree = "<group>";
		};
		AE7AB4641E24702700B8D012 /* Products */ = {
			isa = PBXGroup;
			children = (
				AE7AB4631E24702700B8D012 /* GG_Calculator.app */,
			);
			name = Products;
			sourceTree = "<group>";
		};
		AE7AB4651E24702700B8D012 /* GG_Calculator */ = {
			isa = PBXGroup;
			children = (
				AE7AB4661E24702700B8D012 /* AppDelegate.swift */,
				AE7AB4681E24702700B8D012 /* ViewController.swift */,
				AE7AB46A1E24702700B8D012 /* Main.storyboard */,
				AE7AB46D1E24702700B8D012 /* Assets.xcassets */,
				AE7AB46F1E24702700B8D012 /* LaunchScreen.storyboard */,
				AE7AB4721E24702700B8D012 /* Info.plist */,
			);
			path = GG_Calculator;
			sourceTree = "<group>";
		};
/* End PBXGroup section */

/* Begin PBXNativeTarget section */
		AE7AB4621E24702700B8D012 /* GG_Calculator */ = {
			isa = PBXNativeTarget;
			buildConfigurationList = AE7AB4751E24702700B8D012 /* Build configuration list for PBXNativeTarget "GG_Calculator" */;
			buildPhases = (
				AE7AB45F1E24702700B8D012 /* Sources */,
				AE7AB4601E24702700B8D012 /* Frameworks */,
				AE7AB4611E24702700B8D012 /* Resources */,
			);
			buildRules = (
			);
			dependencies = (
			);
			name = GG_Calculator;
			productName = GG_Calculator;
			productReference = AE7AB4631E24702700B8D012 /* GG_Calculator.app */;
			productType = "com.apple.product-type.application";
		};
/* End PBXNativeTarget section */

/* Begin PBXProject section */
		AE7AB45B1E24702700B8D012 /* Project object */ = {
			isa = PBXProject;
			attributes = {
				LastSwiftUpdateCheck = 0820;
				LastUpgradeCheck = 0820;
				ORGANIZATIONNAME = "Deetpanshu Malik";
				TargetAttributes = {
					AE7AB4621E24702700B8D012 = {
						CreatedOnToolsVersion = 8.2.1;
						ProvisioningStyle = Automatic;
					};
				};
			};
			buildConfigurationList = AE7AB45E1E24702700B8D012 /* Build configuration list for PBXProject "GG_Calculator" */;
			compatibilityVersion = "Xcode 3.2";
			developmentRegion = English;
			hasScannedForEncodings = 0;
			knownRegions = (
				en,
				Base,
			);
			mainGroup = AE7AB45A1E24702700B8D012;
			productRefGroup = AE7AB4641E24702700B8D012 /* Products */;
			projectDirPath = "";
			projectRoot = "";
			targets = (
				AE7AB4621E24702700B8D012 /* GG_Calculator */,
			);
		};
/* End PBXProject section */

/* Begin PBXResourcesBuildPhase section */
		AE7AB4611E24702700B8D012 /* Resources */ = {
			isa = PBXResourcesBuildPhase;
			buildActionMask = 2147483647;
			files = (
				AE7AB4711E24702700B8D012 /* LaunchScreen.storyboard in Resources */,
				AE7AB46E1E24702700B8D012 /* Assets.xcassets in Resources */,
				AE7AB46C1E24702700B8D012 /* Main.storyboard in Resources */,
			);
			runOnlyForDeploymentPostprocessing = 0;
		};
/* End PBXResourcesBuildPhase section */

/* Begin PBXSourcesBuildPhase section */
		AE7AB45F1E24702700B8D012 /* Sources */ = {
			isa = PBXSourcesBuildPhase;
			buildActionMask = 2147483647;
			files = (
				AE7AB4691E24702700B8D012 /* ViewController.swift in Sources */,
				AE7AB4671E24702700B8D012 /* AppDelegate.swift in Sources */,
			);
			runOnlyForDeploymentPostprocessing = 0;
		};
/* End PBXSourcesBuildPhase section */

/* Begin PBXVariantGroup section */
		AE7AB46A1E24702700B8D012 /* Main.storyboard */ = {
			isa = PBXVariantGroup;
			children = (
				AE7AB46B1E24702700B8D012 /* Base */,
			);
			name = Main.storyboard;
			sourceTree = "<group>";
		};
		AE7AB46F1E24702700B8D012 /* LaunchScreen.storyboard */ = {
			isa = PBXVariantGroup;
			children = (
				AE7AB4701E24702700B8D012 /* Base */,
			);
			name = LaunchScreen.storyboard;
			sourceTree = "<group>";
		};
/* End PBXVariantGroup section */

/* Begin XCBuildConfiguration section */
		AE7AB4731E24702700B8D012 /* Debug */ = {
			isa = XCBuildConfiguration;
			buildSettings = {
				ALWAYS_SEARCH_USER_PATHS = NO;
				CLANG_ANALYZER_NONNULL = YES;
				CLANG_CXX_LANGUAGE_STANDARD = "gnu++0x";
				CLANG_CXX_LIBRARY = "libc++";
				CLANG_ENABLE_MODULES = YES;
				CLANG_ENABLE_OBJC_ARC = YES;
				CLANG_WARN_BOOL_CONVERSION = YES;
				CLANG_WARN_CONSTANT_CONVERSION = YES;
				CLANG_WARN_DIRECT_OBJC_ISA_USAGE = YES_ERROR;
				CLANG_WARN_DOCUMENTATION_COMMENTS = YES;
				CLANG_WARN_EMPTY_BODY = YES;
				CLANG_WARN_ENUM_CONVERSION = YES;
				CLANG_WARN_INFINITE_RECURSION = YES;
				CLANG_WARN_INT_CONVERSION = YES;
				CLANG_WARN_OBJC_ROOT_CLASS = YES_ERROR;
				CLANG_WARN_SUSPICIOUS_MOVE = YES;
				CLANG_WARN_UNREACHABLE_CODE = YES;
				CLANG_WARN__DUPLICATE_METHOD_MATCH = YES;
				"CODE_SIGN_IDENTITY[sdk=iphoneos*]" = "iPhone Developer";
				COPY_PHASE_STRIP = NO;
				DEBUG_INFORMATION_FORMAT = dwarf;
				ENABLE_STRICT_OBJC_MSGSEND = YES;
				ENABLE_TESTABILITY = YES;
				GCC_C_LANGUAGE_STANDARD = gnu99;
				GCC_DYNAMIC_NO_PIC = NO;
				GCC_NO_COMMON_BLOCKS = YES;
				GCC_OPTIMIZATION_LEVEL = 0;
				GCC_PREPROCESSOR_DEFINITIONS = (
					"DEBUG=1",
					"$(inherited)",
				);
				GCC_WARN_64_TO_32_BIT_CONVERSION = YES;
				GCC_WARN_ABOUT_RETURN_TYPE = YES_ERROR;
				GCC_WARN_UNDECLARED_SELECTOR = YES;
				GCC_WARN_UNINITIALIZED_AUTOS = YES_AGGRESSIVE;
				GCC_WARN_UNUSED_FUNCTION = YES;
				GCC_WARN_UNUSED_VARIABLE = YES;
				IPHONEOS_DEPLOYMENT_TARGET = 10.2;
				MTL_ENABLE_DEBUG_INFO = YES;
				ONLY_ACTIVE_ARCH = YES;
				SDKROOT = iphoneos;
				SWIFT_ACTIVE_COMPILATION_CONDITIONS = DEBUG;
				SWIFT_OPTIMIZATION_LEVEL = "-Onone";
			};
			name = Debug;
		};
		AE7AB4741E24702700B8D012 /* Release */ = {
			isa = XCBuildConfiguration;
			buildSettings = {
				ALWAYS_SEARCH_USER_PATHS = NO;
				CLANG_ANALYZER_NONNULL = YES;
				CLANG_CXX_LANGUAGE_STANDARD = "gnu++0x";
				CLANG_CXX_LIBRARY = "libc++";
				CLANG_ENABLE_MODULES = YES;
				CLANG_ENABLE_OBJC_ARC = YES;
				CLANG_WARN_BOOL_CONVERSION = YES;
				CLANG_WARN_CONSTANT_CONVERSION = YES;
				CLANG_WARN_DIRECT_OBJC_ISA_USAGE = YES_ERROR;
				CLANG_WARN_DOCUMENTATION_COMMENTS = YES;
				CLANG_WARN_EMPTY_BODY = YES;
				CLANG_WARN_ENUM_CONVERSION = YES;
				CLANG_WARN_INFINITE_RECURSION = YES;
				CLANG_WARN_INT_CONVERSION = YES;
				CLANG_WARN_OBJC_ROOT_CLASS = YES_ERROR;
				CLANG_WARN_SUSPICIOUS_MOVE = YES;
				CLANG_WARN_UNREACHABLE_CODE = YES;
				CLANG_WARN__DUPLICATE_METHOD_MATCH = YES;
				"CODE_SIGN_IDENTITY[sdk=iphoneos*]" = "iPhone Developer";
				COPY_PHASE_STRIP = NO;
				DEBUG_INFORMATION_FORMAT = "dwarf-with-dsym";
				ENABLE_NS_ASSERTIONS = NO;
				ENABLE_STRICT_OBJC_MSGSEND = YES;
				GCC_C_LANGUAGE_STANDARD = gnu99;
				GCC_NO_COMMON_BLOCKS = YES;
				GCC_WARN_64_TO_32_BIT_CONVERSION = YES;
				GCC_WARN_ABOUT_RETURN_TYPE = YES_ERROR;
				GCC_WARN_UNDECLARED_SELECTOR = YES;
				GCC_WARN_UNINITIALIZED_AUTOS = YES_AGGRESSIVE;
				GCC_WARN_UNUSED_FUNCTION = YES;
				GCC_WARN_UNUSED_VARIABLE = YES;
				IPHONEOS_DEPLOYMENT_TARGET = 10.2;
				MTL_ENABLE_DEBUG_INFO = NO;
				SDKROOT = iphoneos;
				SWIFT_OPTIMIZATION_LEVEL = "-Owholemodule";
				VALIDATE_PRODUCT = YES;
			};
			name = Release;
		};
		AE7AB4761E24702700B8D012 /* Debug */ = {
			isa = XCBuildConfiguration;
			buildSettings = {
				ASSETCATALOG_COMPILER_APPICON_NAME = AppIcon;
				INFOPLIST_FILE = GG_Calculator/Info.plist;
				LD_RUNPATH_SEARCH_PATHS = "$(inherited) @executable_path/Frameworks";
				PRODUCT_BUNDLE_IDENTIFIER = "com.DeetpanshuMalik.GG-Calculator";
				PRODUCT_NAME = "$(TARGET_NAME)";
				SWIFT_VERSION = 3.0;
			};
			name = Debug;
		};
		AE7AB4771E24702700B8D012 /* Release */ = {
			isa = XCBuildConfiguration;
			buildSettings = {
				ASSETCATALOG_COMPILER_APPICON_NAME = AppIcon;
				INFOPLIST_FILE = GG_Calculator/Info.plist;
				LD_RUNPATH_SEARCH_PATHS = "$(inherited) @executable_path/Frameworks";
				PRODUCT_BUNDLE_IDENTIFIER = "com.DeetpanshuMalik.GG-Calculator";
				PRODUCT_NAME = "$(TARGET_NAME)";
				SWIFT_VERSION = 3.0;
			};
			name = Release;
		};
/* End XCBuildConfiguration section */

/* Begin XCConfigurationList section */
		AE7AB45E1E24702700B8D012 /* Build configuration list for PBXProject "GG_Calculator" */ = {
			isa = XCConfigurationList;
			buildConfigurations = (
				AE7AB4731E24702700B8D012 /* Debug */,
				AE7AB4741E24702700B8D012 /* Release */,
			);
			defaultConfigurationIsVisible = 0;
			defaultConfigurationName = Release;
		};
		AE7AB4751E24702700B8D012 /* Build configuration list for PBXNativeTarget "GG_Calculator" */ = {
			isa = XCConfigurationList;
			buildConfigurations = (
				AE7AB4761E24702700B8D012 /* Debug */,
				AE7AB4771E24702700B8D012 /* Release */,
			);
			defaultConfigurationIsVisible = 0;
		};
/* End XCConfigurationList section */
	};
	rootObject = AE7AB45B1E24702700B8D012 /* Project object */;
}
